
Microsoft Visual Studio Solution File, Format Version 12.00
# Visual Studio Version 17
VisualStudioVersion = 17.3.32922.545
MinimumVisualStudioVersion = 10.0.40219.1
Project("{2150E333-8FDC-42A3-9474-1A3956D46DE8}") = "Application", "Application", "{222E208D-7597-4DA1-ACE8-398ADACDC60B}"
EndProject
Project("{2150E333-8FDC-42A3-9474-1A3956D46DE8}") = "Domain", "Domain", "{E466F30B-01DE-415D-834A-21508DB59A14}"
EndProject
Project("{2150E333-8FDC-42A3-9474-1A3956D46DE8}") = "Infraestructure", "Infraestructure", "{8B2DA116-6DB7-4B24-B597-9C52391B4DA9}"
EndProject
Project("{2150E333-8FDC-42A3-9474-1A3956D46DE8}") = "WebApi", "WebApi", "{9BC1880C-875E-40F8-B6B9-7A126B3AB5B8}"
EndProject
Project("{2150E333-8FDC-42A3-9474-1A3956D46DE8}") = "Tests", "Tests", "{71F00D1F-2B96-4872-9932-CCFCD1739DC4}"
EndProject
Project("{2150E333-8FDC-42A3-9474-1A3956D46DE8}") = "src", "src", "{CB5C5AD7-B6C8-4C0E-86C5-FB54D3F8FBAE}"
EndProject
Project("{9A19103F-16F7-4668-BE54-9A1E7A4F7556}") = "Domain", "Domain\Domain.csproj", "{EFDECE56-B9B2-45F2-8E0B-9A57B0BBB55F}"
EndProject
Project("{9A19103F-16F7-4668-BE54-9A1E7A4F7556}") = "TicketWebApi", "TicketWebApi\TicketWebApi.csproj", "{F17992C0-4311-4482-96FB-EF6F6C845354}"
EndProject
Project("{9A19103F-16F7-4668-BE54-9A1E7A4F7556}") = "Persistence", "Persistence\Persistence.csproj", "{D2CCAFF1-32BA-4881-8467-72D1A44C9AF7}"
EndProject
Project("{9A19103F-16F7-4668-BE54-9A1E7A4F7556}") = "Application", "Application\Application.csproj", "{9D73646A-BA15-4F14-A219-FF22D02E63AA}"
EndProject
Project("{FAE04EC0-301F-11D3-BF4B-00C04F79EFBC}") = "Presenters", "Presenters\Presenters.csproj", "{289AFE01-F4D5-4061-9A06-F2AD2CFBAEC7}"
EndProject
Project("{FAE04EC0-301F-11D3-BF4B-00C04F79EFBC}") = "IoC", "IoC\IoC.csproj", "{6866B534-8471-4BF3-BE76-937BB4C30A69}"
EndProject
Project("{2150E333-8FDC-42A3-9474-1A3956D46DE8}") = "Shared", "Shared", "{2A2F25D1-0870-430A-B2B8-58F7B7D4F95D}"
EndProject
Project("{FAE04EC0-301F-11D3-BF4B-00C04F79EFBC}") = "Shared", "Shared\Shared.csproj", "{D2162B5D-FC68-4E7A-A99D-B48A504134AA}"
EndProject
Global
	GlobalSection(SolutionConfigurationPlatforms) = preSolution
		Debug|Any CPU = Debug|Any CPU
		Release|Any CPU = Release|Any CPU
	EndGlobalSection
	GlobalSection(ProjectConfigurationPlatforms) = postSolution
		{EFDECE56-B9B2-45F2-8E0B-9A57B0BBB55F}.Debug|Any CPU.ActiveCfg = Debug|Any CPU
		{EFDECE56-B9B2-45F2-8E0B-9A57B0BBB55F}.Debug|Any CPU.Build.0 = Debug|Any CPU
		{EFDECE56-B9B2-45F2-8E0B-9A57B0BBB55F}.Release|Any CPU.ActiveCfg = Release|Any CPU
		{EFDECE56-B9B2-45F2-8E0B-9A57B0BBB55F}.Release|Any CPU.Build.0 = Release|Any CPU
		{F17992C0-4311-4482-96FB-EF6F6C845354}.Debug|Any CPU.ActiveCfg = Debug|Any CPU
		{F17992C0-4311-4482-96FB-EF6F6C845354}.Debug|Any CPU.Build.0 = Debug|Any CPU
		{F17992C0-4311-4482-96FB-EF6F6C845354}.Release|Any CPU.ActiveCfg = Release|Any CPU
		{F17992C0-4311-4482-96FB-EF6F6C845354}.Release|Any CPU.Build.0 = Release|Any CPU
		{D2CCAFF1-32BA-4881-8467-72D1A44C9AF7}.Debug|Any CPU.ActiveCfg = Debug|Any CPU
		{D2CCAFF1-32BA-4881-8467-72D1A44C9AF7}.Debug|Any CPU.Build.0 = Debug|Any CPU
		{D2CCAFF1-32BA-4881-8467-72D1A44C9AF7}.Release|Any CPU.ActiveCfg = Release|Any CPU
		{D2CCAFF1-32BA-4881-8467-72D1A44C9AF7}.Release|Any CPU.Build.0 = Release|Any CPU
		{9D73646A-BA15-4F14-A219-FF22D02E63AA}.Debug|Any CPU.ActiveCfg = Debug|Any CPU
		{9D73646A-BA15-4F14-A219-FF22D02E63AA}.Debug|Any CPU.Build.0 = Debug|Any CPU
		{9D73646A-BA15-4F14-A219-FF22D02E63AA}.Release|Any CPU.ActiveCfg = Release|Any CPU
		{9D73646A-BA15-4F14-A219-FF22D02E63AA}.Release|Any CPU.Build.0 = Release|Any CPU
		{289AFE01-F4D5-4061-9A06-F2AD2CFBAEC7}.Debug|Any CPU.ActiveCfg = Debug|Any CPU
		{289AFE01-F4D5-4061-9A06-F2AD2CFBAEC7}.Debug|Any CPU.Build.0 = Debug|Any CPU
		{289AFE01-F4D5-4061-9A06-F2AD2CFBAEC7}.Release|Any CPU.ActiveCfg = Release|Any CPU
		{289AFE01-F4D5-4061-9A06-F2AD2CFBAEC7}.Release|Any CPU.Build.0 = Release|Any CPU
		{6866B534-8471-4BF3-BE76-937BB4C30A69}.Debug|Any CPU.ActiveCfg = Debug|Any CPU
		{6866B534-8471-4BF3-BE76-937BB4C30A69}.Debug|Any CPU.Build.0 = Debug|Any CPU
		{6866B534-8471-4BF3-BE76-937BB4C30A69}.Release|Any CPU.ActiveCfg = Release|Any CPU
		{6866B534-8471-4BF3-BE76-937BB4C30A69}.Release|Any CPU.Build.0 = Release|Any CPU
		{D2162B5D-FC68-4E7A-A99D-B48A504134AA}.Debug|Any CPU.ActiveCfg = Debug|Any CPU
		{D2162B5D-FC68-4E7A-A99D-B48A504134AA}.Debug|Any CPU.Build.0 = Debug|Any CPU
		{D2162B5D-FC68-4E7A-A99D-B48A504134AA}.Release|Any CPU.ActiveCfg = Release|Any CPU
		{D2162B5D-FC68-4E7A-A99D-B48A504134AA}.Release|Any CPU.Build.0 = Release|Any CPU
	EndGlobalSection
	GlobalSection(SolutionProperties) = preSolution
		HideSolutionNode = FALSE
	EndGlobalSection
	GlobalSection(NestedProjects) = preSolution
		{222E208D-7597-4DA1-ACE8-398ADACDC60B} = {CB5C5AD7-B6C8-4C0E-86C5-FB54D3F8FBAE}
		{E466F30B-01DE-415D-834A-21508DB59A14} = {CB5C5AD7-B6C8-4C0E-86C5-FB54D3F8FBAE}
		{8B2DA116-6DB7-4B24-B597-9C52391B4DA9} = {CB5C5AD7-B6C8-4C0E-86C5-FB54D3F8FBAE}
		{9BC1880C-875E-40F8-B6B9-7A126B3AB5B8} = {CB5C5AD7-B6C8-4C0E-86C5-FB54D3F8FBAE}
		{EFDECE56-B9B2-45F2-8E0B-9A57B0BBB55F} = {E466F30B-01DE-415D-834A-21508DB59A14}
		{F17992C0-4311-4482-96FB-EF6F6C845354} = {9BC1880C-875E-40F8-B6B9-7A126B3AB5B8}
		{D2CCAFF1-32BA-4881-8467-72D1A44C9AF7} = {8B2DA116-6DB7-4B24-B597-9C52391B4DA9}
		{9D73646A-BA15-4F14-A219-FF22D02E63AA} = {222E208D-7597-4DA1-ACE8-398ADACDC60B}
		{289AFE01-F4D5-4061-9A06-F2AD2CFBAEC7} = {9BC1880C-875E-40F8-B6B9-7A126B3AB5B8}
		{6866B534-8471-4BF3-BE76-937BB4C30A69} = {9BC1880C-875E-40F8-B6B9-7A126B3AB5B8}
		{2A2F25D1-0870-430A-B2B8-58F7B7D4F95D} = {CB5C5AD7-B6C8-4C0E-86C5-FB54D3F8FBAE}
		{D2162B5D-FC68-4E7A-A99D-B48A504134AA} = {2A2F25D1-0870-430A-B2B8-58F7B7D4F95D}
	EndGlobalSection
	GlobalSection(ExtensibilityGlobals) = postSolution
		SolutionGuid = {A88213A0-B5BD-4B1D-99E3-7F902A8F7C5F}
	EndGlobalSection
EndGlobal
